// !$*UTF8*$!
{
	archiveVersion = 1;
	classes = {
	};
	objectVersion = 46;
	objects = {
/* Begin PBXBuildFile section */
		0207DA581B56EA530066E2B4 /* Images.xcassets in Resources */ = {isa = PBXBuildFile; fileRef = 0207DA571B56EA530066E2B4 /* Images.xcassets */; };
		1D3623260D0F684500981E51 /* AppDelegate.m in Sources */ = {isa = PBXBuildFile; fileRef = 1D3623250D0F684500981E51 /* AppDelegate.m */; };
		1D60589B0D05DD56006BFB54 /* main.m in Sources */ = {isa = PBXBuildFile; fileRef = 29B97316FDCFA39411CA2CEA /* main.m */; };
		301BF552109A68D80062928A /* libCordova.a in Frameworks */ = {isa = PBXBuildFile; fileRef = 301BF535109A57CC0062928A /* libCordova.a */; };
		302D95F114D2391D003F00A1 /* MainViewController.m in Sources */ = {isa = PBXBuildFile; fileRef = 302D95EF14D2391D003F00A1 /* MainViewController.m */; };
		302D95F214D2391D003F00A1 /* MainViewController.xib in Resources */ = {isa = PBXBuildFile; fileRef = 302D95F014D2391D003F00A1 /* MainViewController.xib */; };
		3047A5121AB8059700498E2A /* build-debug.xcconfig in Resources */ = {isa = PBXBuildFile; fileRef = 3047A50F1AB8059700498E2A /* build-debug.xcconfig */; };
		3047A5131AB8059700498E2A /* build-release.xcconfig in Resources */ = {isa = PBXBuildFile; fileRef = 3047A5101AB8059700498E2A /* build-release.xcconfig */; };
		3047A5141AB8059700498E2A /* build.xcconfig in Resources */ = {isa = PBXBuildFile; fileRef = 3047A5111AB8059700498E2A /* build.xcconfig */; };
		6AFF5BF91D6E424B00AB3073 /* CDVLaunchScreen.storyboard in Resources */ = {isa = PBXBuildFile; fileRef = 6AFF5BF81D6E424B00AB3073 /* CDVLaunchScreen.storyboard */; };
		483D338BA0794C06B851C87B /* AppDelegate+notification.m in Sources */ = {isa = PBXBuildFile; fileRef = AAACBA5B1E9142ADB088635F /* AppDelegate+notification.m */; };
		9B3572B528BA4DED8733716C /* PushPlugin.m in Sources */ = {isa = PBXBuildFile; fileRef = CC9C02BD1BFD450397AB8ED5 /* PushPlugin.m */; };
		F912059D2A38465D85163C59 /* libGGLCloudMessaging.a in Frameworks */ = {isa = PBXBuildFile; fileRef = D300252B1DDD4E57A599C746 /* libGGLCloudMessaging.a */; };
		02F71CC07D6D4BBE93347D6E /* libGGLCore.a in Frameworks */ = {isa = PBXBuildFile; fileRef = 36AAEC7438824A5D82EFC880 /* libGGLCore.a */; };
		02A766B341FE4771BB6D35DF /* libGGLInstanceIDLib.a in Frameworks */ = {isa = PBXBuildFile; fileRef = 2C94A1C2E7944AC6A1A0A4E1 /* libGGLInstanceIDLib.a */; };
		8C0DB1BA25E2470EA180F3F2 /* libGIP_Reachability.a in Frameworks */ = {isa = PBXBuildFile; fileRef = 1D184DD20B2D4A94A06E1B3A /* libGIP_Reachability.a */; };
		2CD3AD1B4E3741EAAC68FC95 /* libGSDK_Overload.a in Frameworks */ = {isa = PBXBuildFile; fileRef = 3842E3E0B5634ADFB4A6D7DD /* libGSDK_Overload.a */; };
		98B6E8B1D0B446BCA6424FAA /* libGTMSessionFetcher_core.a in Frameworks */ = {isa = PBXBuildFile; fileRef = 5DF93B67F2E541CE8E6CEC16 /* libGTMSessionFetcher_core.a */; };
		2C6548B0C8FA479D89283956 /* libGTMSessionFetcher_full.a in Frameworks */ = {isa = PBXBuildFile; fileRef = 8561DDABB27B4C8F9B28EC0C /* libGTMSessionFetcher_full.a */; };
		748AEF5BFD96410AB9CAE5F5 /* libGTMStackTrace.a in Frameworks */ = {isa = PBXBuildFile; fileRef = 1E8A29526F42494EB8312895 /* libGTMStackTrace.a */; };
		796506E3CD1247E7A48CDDEB /* libGTM_AddressBook.a in Frameworks */ = {isa = PBXBuildFile; fileRef = 3D4571E14330468BA6722983 /* libGTM_AddressBook.a */; };
		47A28EB25958440C9E653680 /* libGTM_DebugUtils.a in Frameworks */ = {isa = PBXBuildFile; fileRef = EAA0243AE3544CE8ACD3D931 /* libGTM_DebugUtils.a */; };
		4AC1C42D599247F49CBDC2EF /* libGTM_GTMURLBuilder.a in Frameworks */ = {isa = PBXBuildFile; fileRef = 219FB42BCDC849F9A5D10282 /* libGTM_GTMURLBuilder.a */; };
		E563470888DA4B7BBFB4DE9A /* libGTM_KVO.a in Frameworks */ = {isa = PBXBuildFile; fileRef = 915FBDF8A7B441F0BA1691DB /* libGTM_KVO.a */; };
		5E0D46FA719E4CEFB071D374 /* libGTM_NSData+zlib.a in Frameworks */ = {isa = PBXBuildFile; fileRef = 4E58A07570374358A2863680 /* libGTM_NSData+zlib.a */; };
		4DFBD020E2C5498DB06509B5 /* libGTM_NSDictionary+URLArguments.a in Frameworks */ = {isa = PBXBuildFile; fileRef = 5733B73AAE5840C1ADF0F126 /* libGTM_NSDictionary+URLArguments.a */; };
		1F2625D3B872416CADBCFC71 /* libGTM_NSScannerJSON.a in Frameworks */ = {isa = PBXBuildFile; fileRef = 0008C5CECDD84694AD7FE04B /* libGTM_NSScannerJSON.a */; };
		327AA2E0D3F1459E89DB1C9D /* libGTM_NSStringHTML.a in Frameworks */ = {isa = PBXBuildFile; fileRef = AE260FAEBEA144E98CBCAFD8 /* libGTM_NSStringHTML.a */; };
		BE7BEE5165B043CABE81EF5E /* libGTM_NSStringXML.a in Frameworks */ = {isa = PBXBuildFile; fileRef = 8855E51D50F7477EBDF7EDE6 /* libGTM_NSStringXML.a */; };
		F1D67EF5BDA14430981CF8E1 /* libGTM_Regex.a in Frameworks */ = {isa = PBXBuildFile; fileRef = 822874C54D69476D85875AB5 /* libGTM_Regex.a */; };
		F9EB4608BE724CE897673A6E /* libGTM_RoundedRectPath.a in Frameworks */ = {isa = PBXBuildFile; fileRef = 183A14373DF54C129C7FB00F /* libGTM_RoundedRectPath.a */; };
		C124703CD8EF42EA9AB1F339 /* libGTM_StringEncoding.a in Frameworks */ = {isa = PBXBuildFile; fileRef = A35726406A1848FBB2A7A72A /* libGTM_StringEncoding.a */; };
		504BB6CE2C6345DEB66A6BED /* libGTM_SystemVersion.a in Frameworks */ = {isa = PBXBuildFile; fileRef = 3B8C9D89210244CDA4F8BE95 /* libGTM_SystemVersion.a */; };
		6FF2A2F2678D4221B72B527C /* libGTM_UIFont+LineHeight.a in Frameworks */ = {isa = PBXBuildFile; fileRef = 178AA5BEA52543698C4A213A /* libGTM_UIFont+LineHeight.a */; };
		02155B520FBE4FEA97411458 /* libGTM_core.a in Frameworks */ = {isa = PBXBuildFile; fileRef = 6EF051F504AA494ABC6D112F /* libGTM_core.a */; };
		D7FAEC4524234CF1924412EC /* libGTM_iPhone.a in Frameworks */ = {isa = PBXBuildFile; fileRef = 932FEEE9FDBD4C70A3B51E9B /* libGTM_iPhone.a */; };
		380ABB40711D4B76B5C11B47 /* libGcmLib.a in Frameworks */ = {isa = PBXBuildFile; fileRef = E10F0DF2DA4648ACB2ED52DC /* libGcmLib.a */; };
		ED727456622F426DA6A8B43E /* libProtocolBuffers.a in Frameworks */ = {isa = PBXBuildFile; fileRef = 76F049864EDD4FE881687D30 /* libProtocolBuffers.a */; };
		AA9DFA89B80549F89604A1B1 /* AddressBook.framework in Frameworks */ = {isa = PBXBuildFile; fileRef = 1C9D63E1FAD142818EC940FE /* AddressBook.framework */; };
		00E5F279200943C0B0010FE2 /* libsqlite3.tbd in Frameworks */ = {isa = PBXBuildFile; fileRef = FA78D346DB9C4393B51917C8 /* libsqlite3.tbd */; };
		5B923F9CE11E49C582008AA6 /* libz.tbd in Frameworks */ = {isa = PBXBuildFile; fileRef = C3D28F61BFC244DFB70F037C /* libz.tbd */; };
		31CA998ACB9E4D6BAEB5E1C2 /* CDVDevice.m in Sources */ = {isa = PBXBuildFile; fileRef = E8715BA7D8574C848CF869CF /* CDVDevice.m */; };
		47994A5B332A41729892ECEE /* CDVNotification.m in Sources */ = {isa = PBXBuildFile; fileRef = BB5863778E7743449F295361 /* CDVNotification.m */; };
		A489D4AB0E7D4E1EBC0AE484 /* CDVNotification.bundle in Resources */ = {isa = PBXBuildFile; fileRef = F8A122AE5A6549C98E140E05 /* CDVNotification.bundle */; };
		A4FA26BFBE4F407D97F3E502 /* AudioToolbox.framework in Frameworks */ = {isa = PBXBuildFile; fileRef = DCEB113B6ECB4651BC775981 /* AudioToolbox.framework */; settings = {ATTRIBUTES = (Weak, ); }; };
		1372AA23E4F0458096ED3873 /* CDVInAppBrowser.m in Sources */ = {isa = PBXBuildFile; fileRef = 92CDB3DF987C478A8C1339D4 /* CDVInAppBrowser.m */; };
		81980E0B8B474D539E02A366 /* CDVConnection.m in Sources */ = {isa = PBXBuildFile; fileRef = 49A49015EF70475E9D9E0DF9 /* CDVConnection.m */; };
		8A66302A7C2541F4869C3AE1 /* CDVReachability.m in Sources */ = {isa = PBXBuildFile; fileRef = 0F8CE8CA961B494DB5BD3778 /* CDVReachability.m */; };
		3EC496E2E7674184BDE17F48 /* SystemConfiguration.framework in Frameworks */ = {isa = PBXBuildFile; fileRef = A8F4C53107664D7FBEC32A8D /* SystemConfiguration.framework */; settings = {ATTRIBUTES = (Weak, ); }; };
		6729AF62ECF648D4B8A3D94E /* CoreTelephony.framework in Frameworks */ = {isa = PBXBuildFile; fileRef = 2AB70C06305F4D049915521A /* CoreTelephony.framework */; };
		CE3C35B5444A401FA5758392 /* CDVStatusBar.m in Sources */ = {isa = PBXBuildFile; fileRef = FC92D75CE9824D299090D55A /* CDVStatusBar.m */; };
		5FF73157FE2E4ADEBEEECB79 /* NSString+SSURLEncoding.m in Sources */ = {isa = PBXBuildFile; fileRef = 58C2E63E23624960A8788993 /* NSString+SSURLEncoding.m */; };
		FB9DE5A3EB4A458B96BCDCAF /* SocialSharing.m in Sources */ = {isa = PBXBuildFile; fileRef = 21C26BA1A4194294AF749B77 /* SocialSharing.m */; };
		116C76CC6667436295D05592 /* Social.framework in Frameworks */ = {isa = PBXBuildFile; fileRef = A2BB18815CCC42FFAA324216 /* Social.framework */; settings = {ATTRIBUTES = (Weak, ); }; };
		695AE0C467EC4420B0A9108F /* MessageUI.framework in Frameworks */ = {isa = PBXBuildFile; fileRef = D18623F11FEF4C1BAD298332 /* MessageUI.framework */; settings = {ATTRIBUTES = (Weak, ); }; };
/* End PBXBuildFile section */

/* Begin PBXContainerItemProxy section */
		301BF534109A57CC0062928A /* PBXContainerItemProxy */ = {
			isa = PBXContainerItemProxy;
			containerPortal = 301BF52D109A57CC0062928A /* CordovaLib.xcodeproj */;
			proxyType = 2;
			remoteGlobalIDString = D2AAC07E0554694100DB518D;
			remoteInfo = CordovaLib;
		};
		301BF550109A68C00062928A /* PBXContainerItemProxy */ = {
			isa = PBXContainerItemProxy;
			containerPortal = 301BF52D109A57CC0062928A /* CordovaLib.xcodeproj */;
			proxyType = 1;
			remoteGlobalIDString = D2AAC07D0554694100DB518D;
			remoteInfo = CordovaLib;
		};
/* End PBXContainerItemProxy section */

/* Begin PBXFileReference section */
		0207DA571B56EA530066E2B4 /* Images.xcassets */ = {isa = PBXFileReference; lastKnownFileType = folder.assetcatalog; name = Images.xcassets; path = "Sola Mobili/Images.xcassets"; sourceTree = SOURCE_ROOT; };
		1D3623240D0F684500981E51 /* AppDelegate.h */ = {isa = PBXFileReference; fileEncoding = 4; lastKnownFileType = sourcecode.c.h; path = AppDelegate.h; sourceTree = "<group>"; };
		1D3623250D0F684500981E51 /* AppDelegate.m */ = {isa = PBXFileReference; fileEncoding = 4; lastKnownFileType = sourcecode.c.objc; path = AppDelegate.m; sourceTree = "<group>"; };
		1D6058910D05DD3D006BFB54 /* Sola Mobili.app */ = {isa = PBXFileReference; explicitFileType = wrapper.application; includeInIndex = 0; path = "Sola Mobili.app"; sourceTree = BUILT_PRODUCTS_DIR; };
		29B97316FDCFA39411CA2CEA /* main.m */ = {isa = PBXFileReference; fileEncoding = 4; lastKnownFileType = sourcecode.c.objc; path = main.m; sourceTree = "<group>"; };
		301BF52D109A57CC0062928A /* CordovaLib.xcodeproj */ = {isa = PBXFileReference; lastKnownFileType = "wrapper.pb-project"; name = CordovaLib.xcodeproj; path = CordovaLib/CordovaLib.xcodeproj; sourceTree = "<group>"; };
		301BF56E109A69640062928A /* www */ = {isa = PBXFileReference; lastKnownFileType = folder; path = www; sourceTree = SOURCE_ROOT; };
		302D95EE14D2391D003F00A1 /* MainViewController.h */ = {isa = PBXFileReference; fileEncoding = 4; lastKnownFileType = sourcecode.c.h; path = MainViewController.h; sourceTree = "<group>"; };
		302D95EF14D2391D003F00A1 /* MainViewController.m */ = {isa = PBXFileReference; fileEncoding = 4; lastKnownFileType = sourcecode.c.objc; path = MainViewController.m; sourceTree = "<group>"; };
		302D95F014D2391D003F00A1 /* MainViewController.xib */ = {isa = PBXFileReference; fileEncoding = 4; lastKnownFileType = file.xib; path = MainViewController.xib; sourceTree = "<group>"; };
		3047A50F1AB8059700498E2A /* build-debug.xcconfig */ = {isa = PBXFileReference; fileEncoding = 4; lastKnownFileType = text.xcconfig; name = "build-debug.xcconfig"; path = cordova/build-debug.xcconfig; sourceTree = SOURCE_ROOT; };
		3047A5101AB8059700498E2A /* build-release.xcconfig */ = {isa = PBXFileReference; fileEncoding = 4; lastKnownFileType = text.xcconfig; name = "build-release.xcconfig"; path = cordova/build-release.xcconfig; sourceTree = SOURCE_ROOT; };
		3047A5111AB8059700498E2A /* build.xcconfig */ = {isa = PBXFileReference; fileEncoding = 4; lastKnownFileType = text.xcconfig; name = build.xcconfig; path = cordova/build.xcconfig; sourceTree = SOURCE_ROOT; };
		32CA4F630368D1EE00C91783 /* Sola Mobili-Prefix.pch */ = {isa = PBXFileReference; fileEncoding = 4; lastKnownFileType = sourcecode.c.h; path = "Sola Mobili-Prefix.pch"; sourceTree = "<group>"; };
		6AFF5BF81D6E424B00AB3073 /* CDVLaunchScreen.storyboard */ = {isa = PBXFileReference; fileEncoding = 4; lastKnownFileType = file.storyboard; name = CDVLaunchScreen.storyboard; path = "Sola Mobili/CDVLaunchScreen.storyboard"; sourceTree = SOURCE_ROOT; };
		8D1107310486CEB800E47090 /* Sola Mobili-Info.plist */ = {isa = PBXFileReference; fileEncoding = 4; lastKnownFileType = text.plist.xml; name = "Sola Mobili-Info.plist"; path = "Sola Mobili/Sola Mobili-Info.plist"; plistStructureDefinitionIdentifier = "com.apple.xcode.plist.structure-definition.iphone.info-plist"; sourceTree = SOURCE_ROOT; };
		EB87FDF31871DA8E0020F90C /* www */ = {isa = PBXFileReference; lastKnownFileType = folder; name = www; path = ../../www; sourceTree = "<group>"; };
		EB87FDF41871DAF40020F90C /* config.xml */ = {isa = PBXFileReference; lastKnownFileType = text.xml; name = config.xml; path = ../../config.xml; sourceTree = "<group>"; };
		F840E1F0165FE0F500CFE078 /* config.xml */ = {isa = PBXFileReference; lastKnownFileType = text.xml; name = config.xml; path = "Sola Mobili/config.xml"; sourceTree = "<group>"; };
		ED33DF2A687741AEAF9F8254 /* Bridging-Header.h */ = {isa = PBXFileReference; fileEncoding = 4; lastKnownFileType = sourcecode.c.h; name = "Bridging-Header.h"; path = "Bridging-Header.h"; sourceTree = "<group>"; };
		AAACBA5B1E9142ADB088635F /* AppDelegate+notification.m */ = {isa = PBXFileReference; name = "AppDelegate+notification.m"; path = "phonegap-plugin-push/AppDelegate+notification.m"; sourceTree = "<group>"; fileEncoding = 4; lastKnownFileType = sourcecode.c.objc; explicitFileType = undefined; includeInIndex = 0; };
		CC9C02BD1BFD450397AB8ED5 /* PushPlugin.m */ = {isa = PBXFileReference; name = "PushPlugin.m"; path = "phonegap-plugin-push/PushPlugin.m"; sourceTree = "<group>"; fileEncoding = 4; lastKnownFileType = sourcecode.c.objc; explicitFileType = undefined; includeInIndex = 0; };
		D300252B1DDD4E57A599C746 /* libGGLCloudMessaging.a */ = {isa = PBXFileReference; name = "libGGLCloudMessaging.a"; path = "Sola Mobili/Plugins/phonegap-plugin-push/GCM/Libraries/libGGLCloudMessaging.a"; sourceTree = "<group>"; fileEncoding = undefined; lastKnownFileType = archive.ar; explicitFileType = undefined; includeInIndex = 0; };
		36AAEC7438824A5D82EFC880 /* libGGLCore.a */ = {isa = PBXFileReference; name = "libGGLCore.a"; path = "Sola Mobili/Plugins/phonegap-plugin-push/GCM/Libraries/libGGLCore.a"; sourceTree = "<group>"; fileEncoding = undefined; lastKnownFileType = archive.ar; explicitFileType = undefined; includeInIndex = 0; };
		2C94A1C2E7944AC6A1A0A4E1 /* libGGLInstanceIDLib.a */ = {isa = PBXFileReference; name = "libGGLInstanceIDLib.a"; path = "Sola Mobili/Plugins/phonegap-plugin-push/GCM/Libraries/libGGLInstanceIDLib.a"; sourceTree = "<group>"; fileEncoding = undefined; lastKnownFileType = archive.ar; explicitFileType = undefined; includeInIndex = 0; };
		1D184DD20B2D4A94A06E1B3A /* libGIP_Reachability.a */ = {isa = PBXFileReference; name = "libGIP_Reachability.a"; path = "Sola Mobili/Plugins/phonegap-plugin-push/GCM/Libraries/libGIP_Reachability.a"; sourceTree = "<group>"; fileEncoding = undefined; lastKnownFileType = archive.ar; explicitFileType = undefined; includeInIndex = 0; };
		3842E3E0B5634ADFB4A6D7DD /* libGSDK_Overload.a */ = {isa = PBXFileReference; name = "libGSDK_Overload.a"; path = "Sola Mobili/Plugins/phonegap-plugin-push/GCM/Libraries/libGSDK_Overload.a"; sourceTree = "<group>"; fileEncoding = undefined; lastKnownFileType = archive.ar; explicitFileType = undefined; includeInIndex = 0; };
		5DF93B67F2E541CE8E6CEC16 /* libGTMSessionFetcher_core.a */ = {isa = PBXFileReference; name = "libGTMSessionFetcher_core.a"; path = "Sola Mobili/Plugins/phonegap-plugin-push/GCM/Libraries/libGTMSessionFetcher_core.a"; sourceTree = "<group>"; fileEncoding = undefined; lastKnownFileType = archive.ar; explicitFileType = undefined; includeInIndex = 0; };
		8561DDABB27B4C8F9B28EC0C /* libGTMSessionFetcher_full.a */ = {isa = PBXFileReference; name = "libGTMSessionFetcher_full.a"; path = "Sola Mobili/Plugins/phonegap-plugin-push/GCM/Libraries/libGTMSessionFetcher_full.a"; sourceTree = "<group>"; fileEncoding = undefined; lastKnownFileType = archive.ar; explicitFileType = undefined; includeInIndex = 0; };
		1E8A29526F42494EB8312895 /* libGTMStackTrace.a */ = {isa = PBXFileReference; name = "libGTMStackTrace.a"; path = "Sola Mobili/Plugins/phonegap-plugin-push/GCM/Libraries/libGTMStackTrace.a"; sourceTree = "<group>"; fileEncoding = undefined; lastKnownFileType = archive.ar; explicitFileType = undefined; includeInIndex = 0; };
		3D4571E14330468BA6722983 /* libGTM_AddressBook.a */ = {isa = PBXFileReference; name = "libGTM_AddressBook.a"; path = "Sola Mobili/Plugins/phonegap-plugin-push/GCM/Libraries/libGTM_AddressBook.a"; sourceTree = "<group>"; fileEncoding = undefined; lastKnownFileType = archive.ar; explicitFileType = undefined; includeInIndex = 0; };
		EAA0243AE3544CE8ACD3D931 /* libGTM_DebugUtils.a */ = {isa = PBXFileReference; name = "libGTM_DebugUtils.a"; path = "Sola Mobili/Plugins/phonegap-plugin-push/GCM/Libraries/libGTM_DebugUtils.a"; sourceTree = "<group>"; fileEncoding = undefined; lastKnownFileType = archive.ar; explicitFileType = undefined; includeInIndex = 0; };
		219FB42BCDC849F9A5D10282 /* libGTM_GTMURLBuilder.a */ = {isa = PBXFileReference; name = "libGTM_GTMURLBuilder.a"; path = "Sola Mobili/Plugins/phonegap-plugin-push/GCM/Libraries/libGTM_GTMURLBuilder.a"; sourceTree = "<group>"; fileEncoding = undefined; lastKnownFileType = archive.ar; explicitFileType = undefined; includeInIndex = 0; };
		915FBDF8A7B441F0BA1691DB /* libGTM_KVO.a */ = {isa = PBXFileReference; name = "libGTM_KVO.a"; path = "Sola Mobili/Plugins/phonegap-plugin-push/GCM/Libraries/libGTM_KVO.a"; sourceTree = "<group>"; fileEncoding = undefined; lastKnownFileType = archive.ar; explicitFileType = undefined; includeInIndex = 0; };
		4E58A07570374358A2863680 /* libGTM_NSData+zlib.a */ = {isa = PBXFileReference; name = "libGTM_NSData+zlib.a"; path = "Sola Mobili/Plugins/phonegap-plugin-push/GCM/Libraries/libGTM_NSData+zlib.a"; sourceTree = "<group>"; fileEncoding = undefined; lastKnownFileType = archive.ar; explicitFileType = undefined; includeInIndex = 0; };
		5733B73AAE5840C1ADF0F126 /* libGTM_NSDictionary+URLArguments.a */ = {isa = PBXFileReference; name = "libGTM_NSDictionary+URLArguments.a"; path = "Sola Mobili/Plugins/phonegap-plugin-push/GCM/Libraries/libGTM_NSDictionary+URLArguments.a"; sourceTree = "<group>"; fileEncoding = undefined; lastKnownFileType = archive.ar; explicitFileType = undefined; includeInIndex = 0; };
		0008C5CECDD84694AD7FE04B /* libGTM_NSScannerJSON.a */ = {isa = PBXFileReference; name = "libGTM_NSScannerJSON.a"; path = "Sola Mobili/Plugins/phonegap-plugin-push/GCM/Libraries/libGTM_NSScannerJSON.a"; sourceTree = "<group>"; fileEncoding = undefined; lastKnownFileType = archive.ar; explicitFileType = undefined; includeInIndex = 0; };
		AE260FAEBEA144E98CBCAFD8 /* libGTM_NSStringHTML.a */ = {isa = PBXFileReference; name = "libGTM_NSStringHTML.a"; path = "Sola Mobili/Plugins/phonegap-plugin-push/GCM/Libraries/libGTM_NSStringHTML.a"; sourceTree = "<group>"; fileEncoding = undefined; lastKnownFileType = archive.ar; explicitFileType = undefined; includeInIndex = 0; };
		8855E51D50F7477EBDF7EDE6 /* libGTM_NSStringXML.a */ = {isa = PBXFileReference; name = "libGTM_NSStringXML.a"; path = "Sola Mobili/Plugins/phonegap-plugin-push/GCM/Libraries/libGTM_NSStringXML.a"; sourceTree = "<group>"; fileEncoding = undefined; lastKnownFileType = archive.ar; explicitFileType = undefined; includeInIndex = 0; };
		822874C54D69476D85875AB5 /* libGTM_Regex.a */ = {isa = PBXFileReference; name = "libGTM_Regex.a"; path = "Sola Mobili/Plugins/phonegap-plugin-push/GCM/Libraries/libGTM_Regex.a"; sourceTree = "<group>"; fileEncoding = undefined; lastKnownFileType = archive.ar; explicitFileType = undefined; includeInIndex = 0; };
		183A14373DF54C129C7FB00F /* libGTM_RoundedRectPath.a */ = {isa = PBXFileReference; name = "libGTM_RoundedRectPath.a"; path = "Sola Mobili/Plugins/phonegap-plugin-push/GCM/Libraries/libGTM_RoundedRectPath.a"; sourceTree = "<group>"; fileEncoding = undefined; lastKnownFileType = archive.ar; explicitFileType = undefined; includeInIndex = 0; };
		A35726406A1848FBB2A7A72A /* libGTM_StringEncoding.a */ = {isa = PBXFileReference; name = "libGTM_StringEncoding.a"; path = "Sola Mobili/Plugins/phonegap-plugin-push/GCM/Libraries/libGTM_StringEncoding.a"; sourceTree = "<group>"; fileEncoding = undefined; lastKnownFileType = archive.ar; explicitFileType = undefined; includeInIndex = 0; };
		3B8C9D89210244CDA4F8BE95 /* libGTM_SystemVersion.a */ = {isa = PBXFileReference; name = "libGTM_SystemVersion.a"; path = "Sola Mobili/Plugins/phonegap-plugin-push/GCM/Libraries/libGTM_SystemVersion.a"; sourceTree = "<group>"; fileEncoding = undefined; lastKnownFileType = archive.ar; explicitFileType = undefined; includeInIndex = 0; };
		178AA5BEA52543698C4A213A /* libGTM_UIFont+LineHeight.a */ = {isa = PBXFileReference; name = "libGTM_UIFont+LineHeight.a"; path = "Sola Mobili/Plugins/phonegap-plugin-push/GCM/Libraries/libGTM_UIFont+LineHeight.a"; sourceTree = "<group>"; fileEncoding = undefined; lastKnownFileType = archive.ar; explicitFileType = undefined; includeInIndex = 0; };
		6EF051F504AA494ABC6D112F /* libGTM_core.a */ = {isa = PBXFileReference; name = "libGTM_core.a"; path = "Sola Mobili/Plugins/phonegap-plugin-push/GCM/Libraries/libGTM_core.a"; sourceTree = "<group>"; fileEncoding = undefined; lastKnownFileType = archive.ar; explicitFileType = undefined; includeInIndex = 0; };
		932FEEE9FDBD4C70A3B51E9B /* libGTM_iPhone.a */ = {isa = PBXFileReference; name = "libGTM_iPhone.a"; path = "Sola Mobili/Plugins/phonegap-plugin-push/GCM/Libraries/libGTM_iPhone.a"; sourceTree = "<group>"; fileEncoding = undefined; lastKnownFileType = archive.ar; explicitFileType = undefined; includeInIndex = 0; };
		E10F0DF2DA4648ACB2ED52DC /* libGcmLib.a */ = {isa = PBXFileReference; name = "libGcmLib.a"; path = "Sola Mobili/Plugins/phonegap-plugin-push/GCM/Libraries/libGcmLib.a"; sourceTree = "<group>"; fileEncoding = undefined; lastKnownFileType = archive.ar; explicitFileType = undefined; includeInIndex = 0; };
		76F049864EDD4FE881687D30 /* libProtocolBuffers.a */ = {isa = PBXFileReference; name = "libProtocolBuffers.a"; path = "Sola Mobili/Plugins/phonegap-plugin-push/GCM/Libraries/libProtocolBuffers.a"; sourceTree = "<group>"; fileEncoding = undefined; lastKnownFileType = archive.ar; explicitFileType = undefined; includeInIndex = 0; };
		87801A69B606489D8DE7CFA0 /* AppDelegate+notification.h */ = {isa = PBXFileReference; name = "AppDelegate+notification.h"; path = "phonegap-plugin-push/AppDelegate+notification.h"; sourceTree = "<group>"; fileEncoding = 4; lastKnownFileType = sourcecode.c.h; explicitFileType = undefined; includeInIndex = 0; };
		30ABA7EFC904419F9CF4ED87 /* PushPlugin.h */ = {isa = PBXFileReference; name = "PushPlugin.h"; path = "phonegap-plugin-push/PushPlugin.h"; sourceTree = "<group>"; fileEncoding = 4; lastKnownFileType = sourcecode.c.h; explicitFileType = undefined; includeInIndex = 0; };
		5A732C0F02664FE1B12C7B60 /* GGLInstanceID.h */ = {isa = PBXFileReference; name = "GGLInstanceID.h"; path = "phonegap-plugin-push/GCM/Headers/GGLInstanceID.h"; sourceTree = "<group>"; fileEncoding = 4; lastKnownFileType = sourcecode.c.h; explicitFileType = undefined; includeInIndex = 0; };
		39D7208D7A5345889F577E52 /* GGLInstanceIDConfig.h */ = {isa = PBXFileReference; name = "GGLInstanceIDConfig.h"; path = "phonegap-plugin-push/GCM/Headers/GGLInstanceIDConfig.h"; sourceTree = "<group>"; fileEncoding = 4; lastKnownFileType = sourcecode.c.h; explicitFileType = undefined; includeInIndex = 0; };
		21397C94E4454FAFAD5CB6A3 /* GGLInstanceIDDelegate.h */ = {isa = PBXFileReference; name = "GGLInstanceIDDelegate.h"; path = "phonegap-plugin-push/GCM/Headers/GGLInstanceIDDelegate.h"; sourceTree = "<group>"; fileEncoding = 4; lastKnownFileType = sourcecode.c.h; explicitFileType = undefined; includeInIndex = 0; };
		0824CAAC7A5A4A2FA671A545 /* GGLInstanceIDHeaders.h */ = {isa = PBXFileReference; name = "GGLInstanceIDHeaders.h"; path = "phonegap-plugin-push/GCM/Headers/GGLInstanceIDHeaders.h"; sourceTree = "<group>"; fileEncoding = 4; lastKnownFileType = sourcecode.c.h; explicitFileType = undefined; includeInIndex = 0; };
		C3B3C5CDE9DC4A04A52A2ADB /* CloudMessaging.h */ = {isa = PBXFileReference; name = "CloudMessaging.h"; path = "phonegap-plugin-push/GCM/Headers/CloudMessaging.h"; sourceTree = "<group>"; fileEncoding = 4; lastKnownFileType = sourcecode.c.h; explicitFileType = undefined; includeInIndex = 0; };
		E109689EB3B04977BF5FD526 /* GGLContext+CloudMessaging.h */ = {isa = PBXFileReference; name = "GGLContext+CloudMessaging.h"; path = "phonegap-plugin-push/GCM/Headers/GGLContext+CloudMessaging.h"; sourceTree = "<group>"; fileEncoding = 4; lastKnownFileType = sourcecode.c.h; explicitFileType = undefined; includeInIndex = 0; };
		B47B49E75F0E403AAFD9B392 /* Core.h */ = {isa = PBXFileReference; name = "Core.h"; path = "phonegap-plugin-push/GCM/Headers/Core.h"; sourceTree = "<group>"; fileEncoding = 4; lastKnownFileType = sourcecode.c.h; explicitFileType = undefined; includeInIndex = 0; };
		EEBF0AEF4ABB4A068BC07A36 /* GGLConfiguration.h */ = {isa = PBXFileReference; name = "GGLConfiguration.h"; path = "phonegap-plugin-push/GCM/Headers/GGLConfiguration.h"; sourceTree = "<group>"; fileEncoding = 4; lastKnownFileType = sourcecode.c.h; explicitFileType = undefined; includeInIndex = 0; };
		25DB3DA3AC5344B6B25D5505 /* GGLContext.h */ = {isa = PBXFileReference; name = "GGLContext.h"; path = "phonegap-plugin-push/GCM/Headers/GGLContext.h"; sourceTree = "<group>"; fileEncoding = 4; lastKnownFileType = sourcecode.c.h; explicitFileType = undefined; includeInIndex = 0; };
		D3CF86964FD6485D995CB1C4 /* GGLErrorCode.h */ = {isa = PBXFileReference; name = "GGLErrorCode.h"; path = "phonegap-plugin-push/GCM/Headers/GGLErrorCode.h"; sourceTree = "<group>"; fileEncoding = 4; lastKnownFileType = sourcecode.c.h; explicitFileType = undefined; includeInIndex = 0; };
		30714186BC79477885EFD58A /* GCMConfig.h */ = {isa = PBXFileReference; name = "GCMConfig.h"; path = "phonegap-plugin-push/GCM/Headers/GCMConfig.h"; sourceTree = "<group>"; fileEncoding = 4; lastKnownFileType = sourcecode.c.h; explicitFileType = undefined; includeInIndex = 0; };
		D0023CD7EF4844F3B49268F2 /* GCMPubSub.h */ = {isa = PBXFileReference; name = "GCMPubSub.h"; path = "phonegap-plugin-push/GCM/Headers/GCMPubSub.h"; sourceTree = "<group>"; fileEncoding = 4; lastKnownFileType = sourcecode.c.h; explicitFileType = undefined; includeInIndex = 0; };
		BE04400D3BBE4B28B3C7BAC3 /* GCMReceiverDelegate.h */ = {isa = PBXFileReference; name = "GCMReceiverDelegate.h"; path = "phonegap-plugin-push/GCM/Headers/GCMReceiverDelegate.h"; sourceTree = "<group>"; fileEncoding = 4; lastKnownFileType = sourcecode.c.h; explicitFileType = undefined; includeInIndex = 0; };
		26FC48A01C2C41E0BC29D3B7 /* GCMService.h */ = {isa = PBXFileReference; name = "GCMService.h"; path = "phonegap-plugin-push/GCM/Headers/GCMService.h"; sourceTree = "<group>"; fileEncoding = 4; lastKnownFileType = sourcecode.c.h; explicitFileType = undefined; includeInIndex = 0; };
		47175EFD8A2C444E86C53D83 /* GoogleCloudMessaging.h */ = {isa = PBXFileReference; name = "GoogleCloudMessaging.h"; path = "phonegap-plugin-push/GCM/Headers/GoogleCloudMessaging.h"; sourceTree = "<group>"; fileEncoding = 4; lastKnownFileType = sourcecode.c.h; explicitFileType = undefined; includeInIndex = 0; };
		1C9D63E1FAD142818EC940FE /* AddressBook.framework */ = {isa = PBXFileReference; name = "AddressBook.framework"; path = "System/Library/Frameworks/AddressBook.framework"; sourceTree = SDKROOT; fileEncoding = undefined; lastKnownFileType = wrapper.framework; explicitFileType = undefined; includeInIndex = 0; };
		FA78D346DB9C4393B51917C8 /* libsqlite3.tbd */ = {isa = PBXFileReference; name = "libsqlite3.tbd"; path = "usr/lib/libsqlite3.tbd"; sourceTree = SDKROOT; fileEncoding = undefined; lastKnownFileType = sourcecode.text-based-dylib-definition; explicitFileType = undefined; includeInIndex = 0; };
		C3D28F61BFC244DFB70F037C /* libz.tbd */ = {isa = PBXFileReference; name = "libz.tbd"; path = "usr/lib/libz.tbd"; sourceTree = SDKROOT; fileEncoding = undefined; lastKnownFileType = sourcecode.text-based-dylib-definition; explicitFileType = undefined; includeInIndex = 0; };
		E8715BA7D8574C848CF869CF /* CDVDevice.m */ = {isa = PBXFileReference; name = "CDVDevice.m"; path = "cordova-plugin-device/CDVDevice.m"; sourceTree = "<group>"; fileEncoding = 4; lastKnownFileType = sourcecode.c.objc; explicitFileType = undefined; includeInIndex = 0; };
		A3B6D32681A543D5A617F877 /* CDVDevice.h */ = {isa = PBXFileReference; name = "CDVDevice.h"; path = "cordova-plugin-device/CDVDevice.h"; sourceTree = "<group>"; fileEncoding = 4; lastKnownFileType = sourcecode.c.h; explicitFileType = undefined; includeInIndex = 0; };
		BB5863778E7743449F295361 /* CDVNotification.m */ = {isa = PBXFileReference; name = "CDVNotification.m"; path = "cordova-plugin-dialogs/CDVNotification.m"; sourceTree = "<group>"; fileEncoding = 4; lastKnownFileType = sourcecode.c.objc; explicitFileType = undefined; includeInIndex = 0; };
		03610D92D1194BAAA8FD0055 /* CDVNotification.h */ = {isa = PBXFileReference; name = "CDVNotification.h"; path = "cordova-plugin-dialogs/CDVNotification.h"; sourceTree = "<group>"; fileEncoding = 4; lastKnownFileType = sourcecode.c.h; explicitFileType = undefined; includeInIndex = 0; };
		F8A122AE5A6549C98E140E05 /* CDVNotification.bundle */ = {isa = PBXFileReference; name = "CDVNotification.bundle"; path = "CDVNotification.bundle"; sourceTree = "<group>"; fileEncoding = undefined; lastKnownFileType = wrapper.plug-in; explicitFileType = undefined; includeInIndex = 0; };
		DCEB113B6ECB4651BC775981 /* AudioToolbox.framework */ = {isa = PBXFileReference; name = "AudioToolbox.framework"; path = "System/Library/Frameworks/AudioToolbox.framework"; sourceTree = SDKROOT; fileEncoding = undefined; lastKnownFileType = wrapper.framework; explicitFileType = undefined; includeInIndex = 0; };
		92CDB3DF987C478A8C1339D4 /* CDVInAppBrowser.m */ = {isa = PBXFileReference; name = "CDVInAppBrowser.m"; path = "cordova-plugin-inappbrowser/CDVInAppBrowser.m"; sourceTree = "<group>"; fileEncoding = 4; lastKnownFileType = sourcecode.c.objc; explicitFileType = undefined; includeInIndex = 0; };
		ED1D0BD6D4A04B17AAF8C030 /* CDVInAppBrowser.h */ = {isa = PBXFileReference; name = "CDVInAppBrowser.h"; path = "cordova-plugin-inappbrowser/CDVInAppBrowser.h"; sourceTree = "<group>"; fileEncoding = 4; lastKnownFileType = sourcecode.c.h; explicitFileType = undefined; includeInIndex = 0; };
		49A49015EF70475E9D9E0DF9 /* CDVConnection.m */ = {isa = PBXFileReference; name = "CDVConnection.m"; path = "cordova-plugin-network-information/CDVConnection.m"; sourceTree = "<group>"; fileEncoding = 4; lastKnownFileType = sourcecode.c.objc; explicitFileType = undefined; includeInIndex = 0; };
		0F8CE8CA961B494DB5BD3778 /* CDVReachability.m */ = {isa = PBXFileReference; name = "CDVReachability.m"; path = "cordova-plugin-network-information/CDVReachability.m"; sourceTree = "<group>"; fileEncoding = 4; lastKnownFileType = sourcecode.c.objc; explicitFileType = undefined; includeInIndex = 0; };
		0CE82ECFA91B4AAA8B20AAE3 /* CDVConnection.h */ = {isa = PBXFileReference; name = "CDVConnection.h"; path = "cordova-plugin-network-information/CDVConnection.h"; sourceTree = "<group>"; fileEncoding = 4; lastKnownFileType = sourcecode.c.h; explicitFileType = undefined; includeInIndex = 0; };
		3EE72BAE54B24662985AE9E3 /* CDVReachability.h */ = {isa = PBXFileReference; name = "CDVReachability.h"; path = "cordova-plugin-network-information/CDVReachability.h"; sourceTree = "<group>"; fileEncoding = 4; lastKnownFileType = sourcecode.c.h; explicitFileType = undefined; includeInIndex = 0; };
		A8F4C53107664D7FBEC32A8D /* SystemConfiguration.framework */ = {isa = PBXFileReference; name = "SystemConfiguration.framework"; path = "System/Library/Frameworks/SystemConfiguration.framework"; sourceTree = SDKROOT; fileEncoding = undefined; lastKnownFileType = wrapper.framework; explicitFileType = undefined; includeInIndex = 0; };
		2AB70C06305F4D049915521A /* CoreTelephony.framework */ = {isa = PBXFileReference; name = "CoreTelephony.framework"; path = "System/Library/Frameworks/CoreTelephony.framework"; sourceTree = SDKROOT; fileEncoding = undefined; lastKnownFileType = wrapper.framework; explicitFileType = undefined; includeInIndex = 0; };
		FC92D75CE9824D299090D55A /* CDVStatusBar.m */ = {isa = PBXFileReference; name = "CDVStatusBar.m"; path = "cordova-plugin-statusbar/CDVStatusBar.m"; sourceTree = "<group>"; fileEncoding = 4; lastKnownFileType = sourcecode.c.objc; explicitFileType = undefined; includeInIndex = 0; };
		A3E2EA8575E84F1E8BA26018 /* CDVStatusBar.h */ = {isa = PBXFileReference; name = "CDVStatusBar.h"; path = "cordova-plugin-statusbar/CDVStatusBar.h"; sourceTree = "<group>"; fileEncoding = 4; lastKnownFileType = sourcecode.c.h; explicitFileType = undefined; includeInIndex = 0; };
		58C2E63E23624960A8788993 /* NSString+SSURLEncoding.m */ = {isa = PBXFileReference; name = "NSString+SSURLEncoding.m"; path = "cordova-plugin-x-socialsharing/NSString+SSURLEncoding.m"; sourceTree = "<group>"; fileEncoding = 4; lastKnownFileType = sourcecode.c.objc; explicitFileType = undefined; includeInIndex = 0; };
		21C26BA1A4194294AF749B77 /* SocialSharing.m */ = {isa = PBXFileReference; name = "SocialSharing.m"; path = "cordova-plugin-x-socialsharing/SocialSharing.m"; sourceTree = "<group>"; fileEncoding = 4; lastKnownFileType = sourcecode.c.objc; explicitFileType = undefined; includeInIndex = 0; };
		990A98C3A7114F0FBF519EEA /* NSString+SSURLEncoding.h */ = {isa = PBXFileReference; name = "NSString+SSURLEncoding.h"; path = "cordova-plugin-x-socialsharing/NSString+SSURLEncoding.h"; sourceTree = "<group>"; fileEncoding = 4; lastKnownFileType = sourcecode.c.h; explicitFileType = undefined; includeInIndex = 0; };
		53E44CDB0C84409AB84B48C1 /* SocialSharing.h */ = {isa = PBXFileReference; name = "SocialSharing.h"; path = "cordova-plugin-x-socialsharing/SocialSharing.h"; sourceTree = "<group>"; fileEncoding = 4; lastKnownFileType = sourcecode.c.h; explicitFileType = undefined; includeInIndex = 0; };
		A2BB18815CCC42FFAA324216 /* Social.framework */ = {isa = PBXFileReference; name = "Social.framework"; path = "System/Library/Frameworks/Social.framework"; sourceTree = SDKROOT; fileEncoding = undefined; lastKnownFileType = wrapper.framework; explicitFileType = undefined; includeInIndex = 0; };
		D18623F11FEF4C1BAD298332 /* MessageUI.framework */ = {isa = PBXFileReference; name = "MessageUI.framework"; path = "System/Library/Frameworks/MessageUI.framework"; sourceTree = SDKROOT; fileEncoding = undefined; lastKnownFileType = wrapper.framework; explicitFileType = undefined; includeInIndex = 0; };
/* End PBXFileReference section */

/* Begin PBXFrameworksBuildPhase section */
		1D60588F0D05DD3D006BFB54 /* Frameworks */ = {
			isa = PBXFrameworksBuildPhase;
			buildActionMask = 2147483647;
			files = (
				301BF552109A68D80062928A /* libCordova.a in Frameworks */,
				F912059D2A38465D85163C59 /* libGGLCloudMessaging.a in Frameworks */,
				02F71CC07D6D4BBE93347D6E /* libGGLCore.a in Frameworks */,
				02A766B341FE4771BB6D35DF /* libGGLInstanceIDLib.a in Frameworks */,
				8C0DB1BA25E2470EA180F3F2 /* libGIP_Reachability.a in Frameworks */,
				2CD3AD1B4E3741EAAC68FC95 /* libGSDK_Overload.a in Frameworks */,
				98B6E8B1D0B446BCA6424FAA /* libGTMSessionFetcher_core.a in Frameworks */,
				2C6548B0C8FA479D89283956 /* libGTMSessionFetcher_full.a in Frameworks */,
				748AEF5BFD96410AB9CAE5F5 /* libGTMStackTrace.a in Frameworks */,
				796506E3CD1247E7A48CDDEB /* libGTM_AddressBook.a in Frameworks */,
				47A28EB25958440C9E653680 /* libGTM_DebugUtils.a in Frameworks */,
				4AC1C42D599247F49CBDC2EF /* libGTM_GTMURLBuilder.a in Frameworks */,
				E563470888DA4B7BBFB4DE9A /* libGTM_KVO.a in Frameworks */,
				5E0D46FA719E4CEFB071D374 /* libGTM_NSData+zlib.a in Frameworks */,
				4DFBD020E2C5498DB06509B5 /* libGTM_NSDictionary+URLArguments.a in Frameworks */,
				1F2625D3B872416CADBCFC71 /* libGTM_NSScannerJSON.a in Frameworks */,
				327AA2E0D3F1459E89DB1C9D /* libGTM_NSStringHTML.a in Frameworks */,
				BE7BEE5165B043CABE81EF5E /* libGTM_NSStringXML.a in Frameworks */,
				F1D67EF5BDA14430981CF8E1 /* libGTM_Regex.a in Frameworks */,
				F9EB4608BE724CE897673A6E /* libGTM_RoundedRectPath.a in Frameworks */,
				C124703CD8EF42EA9AB1F339 /* libGTM_StringEncoding.a in Frameworks */,
				504BB6CE2C6345DEB66A6BED /* libGTM_SystemVersion.a in Frameworks */,
				6FF2A2F2678D4221B72B527C /* libGTM_UIFont+LineHeight.a in Frameworks */,
				02155B520FBE4FEA97411458 /* libGTM_core.a in Frameworks */,
				D7FAEC4524234CF1924412EC /* libGTM_iPhone.a in Frameworks */,
				380ABB40711D4B76B5C11B47 /* libGcmLib.a in Frameworks */,
				ED727456622F426DA6A8B43E /* libProtocolBuffers.a in Frameworks */,
				AA9DFA89B80549F89604A1B1 /* AddressBook.framework in Frameworks */,
				00E5F279200943C0B0010FE2 /* libsqlite3.tbd in Frameworks */,
				5B923F9CE11E49C582008AA6 /* libz.tbd in Frameworks */,
				A4FA26BFBE4F407D97F3E502 /* AudioToolbox.framework in Frameworks */,
				3EC496E2E7674184BDE17F48 /* SystemConfiguration.framework in Frameworks */,
				6729AF62ECF648D4B8A3D94E /* CoreTelephony.framework in Frameworks */,
				116C76CC6667436295D05592 /* Social.framework in Frameworks */,
				695AE0C467EC4420B0A9108F /* MessageUI.framework in Frameworks */,
			);
			runOnlyForDeploymentPostprocessing = 0;
		};
/* End PBXFrameworksBuildPhase section */

/* Begin PBXGroup section */
		080E96DDFE201D6D7F000001 /* Classes */ = {
			isa = PBXGroup;
			children = (
				302D95EE14D2391D003F00A1 /* MainViewController.h */,
				302D95EF14D2391D003F00A1 /* MainViewController.m */,
				302D95F014D2391D003F00A1 /* MainViewController.xib */,
				1D3623240D0F684500981E51 /* AppDelegate.h */,
				1D3623250D0F684500981E51 /* AppDelegate.m */,
			);
			name = Classes;
			path = "Sola Mobili/Classes";
			sourceTree = SOURCE_ROOT;
		};
		19C28FACFE9D520D11CA2CBB /* Products */ = {
			isa = PBXGroup;
			children = (
				1D6058910D05DD3D006BFB54 /* Sola Mobili.app */,
			);
			name = Products;
			sourceTree = "<group>";
		};
		29B97314FDCFA39411CA2CEA /* CustomTemplate */ = {
			isa = PBXGroup;
			children = (
				EB87FDF41871DAF40020F90C /* config.xml */,
				EB87FDF31871DA8E0020F90C /* www */,
				EB87FDF11871DA420020F90C /* Staging */,
				301BF52D109A57CC0062928A /* CordovaLib.xcodeproj */,
				080E96DDFE201D6D7F000001 /* Classes */,
				307C750510C5A3420062BCA9 /* Plugins */,
				29B97315FDCFA39411CA2CEA /* Other Sources */,
				29B97317FDCFA39411CA2CEA /* Resources */,
				29B97323FDCFA39411CA2CEA /* Frameworks */,
				19C28FACFE9D520D11CA2CBB /* Products */,
			);
			name = CustomTemplate;
			sourceTree = "<group>";
		};
		29B97315FDCFA39411CA2CEA /* Other Sources */ = {
			isa = PBXGroup;
			children = (
				32CA4F630368D1EE00C91783 /* Sola Mobili-Prefix.pch */,
				29B97316FDCFA39411CA2CEA /* main.m */,
				ED33DF2A687741AEAF9F8254 /* Bridging-Header.h */,
			);
			name = "Other Sources";
			path = "Sola Mobili";
			sourceTree = "<group>";
		};
		29B97317FDCFA39411CA2CEA /* Resources */ = {
			isa = PBXGroup;
			children = (
				0207DA571B56EA530066E2B4 /* Images.xcassets */,
				3047A50E1AB8057F00498E2A /* config */,
				8D1107310486CEB800E47090 /* Sola Mobili-Info.plist */,
				6AFF5BF81D6E424B00AB3073 /* CDVLaunchScreen.storyboard */,
				F8A122AE5A6549C98E140E05 /* CDVNotification.bundle */,
			);
			name = Resources;
			path = "Sola Mobili/Resources";
			sourceTree = "<group>";
		};
		29B97323FDCFA39411CA2CEA /* Frameworks */ = {
			isa = PBXGroup;
			children = (
				D300252B1DDD4E57A599C746 /* libGGLCloudMessaging.a */,
				36AAEC7438824A5D82EFC880 /* libGGLCore.a */,
				2C94A1C2E7944AC6A1A0A4E1 /* libGGLInstanceIDLib.a */,
				1D184DD20B2D4A94A06E1B3A /* libGIP_Reachability.a */,
				3842E3E0B5634ADFB4A6D7DD /* libGSDK_Overload.a */,
				5DF93B67F2E541CE8E6CEC16 /* libGTMSessionFetcher_core.a */,
				8561DDABB27B4C8F9B28EC0C /* libGTMSessionFetcher_full.a */,
				1E8A29526F42494EB8312895 /* libGTMStackTrace.a */,
				3D4571E14330468BA6722983 /* libGTM_AddressBook.a */,
				EAA0243AE3544CE8ACD3D931 /* libGTM_DebugUtils.a */,
				219FB42BCDC849F9A5D10282 /* libGTM_GTMURLBuilder.a */,
				915FBDF8A7B441F0BA1691DB /* libGTM_KVO.a */,
				4E58A07570374358A2863680 /* libGTM_NSData+zlib.a */,
				5733B73AAE5840C1ADF0F126 /* libGTM_NSDictionary+URLArguments.a */,
				0008C5CECDD84694AD7FE04B /* libGTM_NSScannerJSON.a */,
				AE260FAEBEA144E98CBCAFD8 /* libGTM_NSStringHTML.a */,
				8855E51D50F7477EBDF7EDE6 /* libGTM_NSStringXML.a */,
				822874C54D69476D85875AB5 /* libGTM_Regex.a */,
				183A14373DF54C129C7FB00F /* libGTM_RoundedRectPath.a */,
				A35726406A1848FBB2A7A72A /* libGTM_StringEncoding.a */,
				3B8C9D89210244CDA4F8BE95 /* libGTM_SystemVersion.a */,
				178AA5BEA52543698C4A213A /* libGTM_UIFont+LineHeight.a */,
				6EF051F504AA494ABC6D112F /* libGTM_core.a */,
				932FEEE9FDBD4C70A3B51E9B /* libGTM_iPhone.a */,
				E10F0DF2DA4648ACB2ED52DC /* libGcmLib.a */,
				76F049864EDD4FE881687D30 /* libProtocolBuffers.a */,
				1C9D63E1FAD142818EC940FE /* AddressBook.framework */,
				FA78D346DB9C4393B51917C8 /* libsqlite3.tbd */,
				C3D28F61BFC244DFB70F037C /* libz.tbd */,
				DCEB113B6ECB4651BC775981 /* AudioToolbox.framework */,
				A8F4C53107664D7FBEC32A8D /* SystemConfiguration.framework */,
				2AB70C06305F4D049915521A /* CoreTelephony.framework */,
				A2BB18815CCC42FFAA324216 /* Social.framework */,
				D18623F11FEF4C1BAD298332 /* MessageUI.framework */,
			);
			name = Frameworks;
			sourceTree = "<group>";
		};
		301BF52E109A57CC0062928A /* Products */ = {
			isa = PBXGroup;
			children = (
				301BF535109A57CC0062928A /* libCordova.a */,
			);
			name = Products;
			sourceTree = "<group>";
		};
		3047A50E1AB8057F00498E2A /* config */ = {
			isa = PBXGroup;
			children = (
				3047A50F1AB8059700498E2A /* build-debug.xcconfig */,
				3047A5101AB8059700498E2A /* build-release.xcconfig */,
				3047A5111AB8059700498E2A /* build.xcconfig */,
			);
			name = config;
			sourceTree = "<group>";
		};
		307C750510C5A3420062BCA9 /* Plugins */ = {
			isa = PBXGroup;
			children = (
				AAACBA5B1E9142ADB088635F /* AppDelegate+notification.m */,
				CC9C02BD1BFD450397AB8ED5 /* PushPlugin.m */,
				87801A69B606489D8DE7CFA0 /* AppDelegate+notification.h */,
				30ABA7EFC904419F9CF4ED87 /* PushPlugin.h */,
				5A732C0F02664FE1B12C7B60 /* GGLInstanceID.h */,
				39D7208D7A5345889F577E52 /* GGLInstanceIDConfig.h */,
				21397C94E4454FAFAD5CB6A3 /* GGLInstanceIDDelegate.h */,
				0824CAAC7A5A4A2FA671A545 /* GGLInstanceIDHeaders.h */,
				C3B3C5CDE9DC4A04A52A2ADB /* CloudMessaging.h */,
				E109689EB3B04977BF5FD526 /* GGLContext+CloudMessaging.h */,
				B47B49E75F0E403AAFD9B392 /* Core.h */,
				EEBF0AEF4ABB4A068BC07A36 /* GGLConfiguration.h */,
				25DB3DA3AC5344B6B25D5505 /* GGLContext.h */,
				D3CF86964FD6485D995CB1C4 /* GGLErrorCode.h */,
				30714186BC79477885EFD58A /* GCMConfig.h */,
				D0023CD7EF4844F3B49268F2 /* GCMPubSub.h */,
				BE04400D3BBE4B28B3C7BAC3 /* GCMReceiverDelegate.h */,
				26FC48A01C2C41E0BC29D3B7 /* GCMService.h */,
				47175EFD8A2C444E86C53D83 /* GoogleCloudMessaging.h */,
				E8715BA7D8574C848CF869CF /* CDVDevice.m */,
				A3B6D32681A543D5A617F877 /* CDVDevice.h */,
				BB5863778E7743449F295361 /* CDVNotification.m */,
				03610D92D1194BAAA8FD0055 /* CDVNotification.h */,
				92CDB3DF987C478A8C1339D4 /* CDVInAppBrowser.m */,
				ED1D0BD6D4A04B17AAF8C030 /* CDVInAppBrowser.h */,
				49A49015EF70475E9D9E0DF9 /* CDVConnection.m */,
				0F8CE8CA961B494DB5BD3778 /* CDVReachability.m */,
				0CE82ECFA91B4AAA8B20AAE3 /* CDVConnection.h */,
				3EE72BAE54B24662985AE9E3 /* CDVReachability.h */,
				FC92D75CE9824D299090D55A /* CDVStatusBar.m */,
				A3E2EA8575E84F1E8BA26018 /* CDVStatusBar.h */,
				58C2E63E23624960A8788993 /* NSString+SSURLEncoding.m */,
				21C26BA1A4194294AF749B77 /* SocialSharing.m */,
				990A98C3A7114F0FBF519EEA /* NSString+SSURLEncoding.h */,
				53E44CDB0C84409AB84B48C1 /* SocialSharing.h */,
			);
			name = Plugins;
			path = "Sola Mobili/Plugins";
			sourceTree = SOURCE_ROOT;
		};
		EB87FDF11871DA420020F90C /* Staging */ = {
			isa = PBXGroup;
			children = (
				F840E1F0165FE0F500CFE078 /* config.xml */,
				301BF56E109A69640062928A /* www */,
			);
			name = Staging;
			sourceTree = "<group>";
		};
/* End PBXGroup section */

/* Begin PBXNativeTarget section */
		1D6058900D05DD3D006BFB54 /* Sola Mobili */ = {
			isa = PBXNativeTarget;
			buildConfigurationList = 1D6058960D05DD3E006BFB54 /* Build configuration list for PBXNativeTarget "Sola Mobili" */;
			buildPhases = (
				304B58A110DAC018002A0835 /* Copy www directory */,
				1D60588D0D05DD3D006BFB54 /* Resources */,
				1D60588E0D05DD3D006BFB54 /* Sources */,
				1D60588F0D05DD3D006BFB54 /* Frameworks */,
			);
			buildRules = (
			);
			dependencies = (
				301BF551109A68C00062928A /* PBXTargetDependency */,
			);
			name = "Sola Mobili";
			productName = "Sola Mobili";
			productReference = 1D6058910D05DD3D006BFB54 /* Sola Mobili.app */;
			productType = "com.apple.product-type.application";
		};
/* End PBXNativeTarget section */

/* Begin PBXProject section */
		29B97313FDCFA39411CA2CEA /* Project object */ = {
			isa = PBXProject;
			attributes = {
				LastUpgradeCheck = 510;
			};
			buildConfigurationList = C01FCF4E08A954540054247B /* Build configuration list for PBXProject "__NON-CLI__" */;
			compatibilityVersion = "Xcode 3.2";
			developmentRegion = English;
			hasScannedForEncodings = 1;
			mainGroup = 29B97314FDCFA39411CA2CEA /* CustomTemplate */;
			projectDirPath = "";
			projectReferences = (
				{
					ProductGroup = 301BF52E109A57CC0062928A /* Products */;
					ProjectRef = 301BF52D109A57CC0062928A /* CordovaLib.xcodeproj */;
				},
			);
			projectRoot = "";
			targets = (
				1D6058900D05DD3D006BFB54 /* Sola Mobili */,
			);
		};
/* End PBXProject section */

/* Begin PBXReferenceProxy section */
		301BF535109A57CC0062928A /* libCordova.a */ = {
			isa = PBXReferenceProxy;
			fileType = archive.ar;
			path = libCordova.a;
			remoteRef = 301BF534109A57CC0062928A /* PBXContainerItemProxy */;
			sourceTree = BUILT_PRODUCTS_DIR;
		};
/* End PBXReferenceProxy section */

/* Begin PBXResourcesBuildPhase section */
		1D60588D0D05DD3D006BFB54 /* Resources */ = {
			isa = PBXResourcesBuildPhase;
			buildActionMask = 2147483647;
			files = (
				302D95F214D2391D003F00A1 /* MainViewController.xib in Resources */,
				0207DA581B56EA530066E2B4 /* Images.xcassets in Resources */,
				6AFF5BF91D6E424B00AB3073 /* CDVLaunchScreen.storyboard in Resources */,
				A489D4AB0E7D4E1EBC0AE484 /* CDVNotification.bundle in Resources */,
			);
			runOnlyForDeploymentPostprocessing = 0;
		};
/* End PBXResourcesBuildPhase section */

/* Begin PBXShellScriptBuildPhase section */
		304B58A110DAC018002A0835 /* Copy www directory */ = {
			isa = PBXShellScriptBuildPhase;
			buildActionMask = 2147483647;
			files = (
			);
			inputPaths = (
			);
			name = "Copy www directory";
			outputPaths = (
			);
			runOnlyForDeploymentPostprocessing = 0;
			shellPath = /bin/sh;
			shellScript = "NODEJS_PATH=/usr/local/bin; NVM_NODE_PATH=~/.nvm/versions/node/`nvm version 2>/dev/null`/bin; N_NODE_PATH=`find /usr/local/n/versions/node/* -maxdepth 0 -type d 2>/dev/null | tail -1`/bin; XCODE_NODE_PATH=`xcode-select --print-path`/usr/share/xcs/Node/bin; PATH=$NODEJS_PATH:$NVM_NODE_PATH:$N_NODE_PATH:$XCODE_NODE_PATH:$PATH && node cordova/lib/copy-www-build-step.js";
			showEnvVarsInLog = 0;
		};
/* End PBXShellScriptBuildPhase section */

/* Begin PBXSourcesBuildPhase section */
		1D60588E0D05DD3D006BFB54 /* Sources */ = {
			isa = PBXSourcesBuildPhase;
			buildActionMask = 2147483647;
			files = (
				1D60589B0D05DD56006BFB54 /* main.m in Sources */,
				1D3623260D0F684500981E51 /* AppDelegate.m in Sources */,
				302D95F114D2391D003F00A1 /* MainViewController.m in Sources */,
				483D338BA0794C06B851C87B /* AppDelegate+notification.m in Sources */,
				9B3572B528BA4DED8733716C /* PushPlugin.m in Sources */,
				31CA998ACB9E4D6BAEB5E1C2 /* CDVDevice.m in Sources */,
				47994A5B332A41729892ECEE /* CDVNotification.m in Sources */,
				1372AA23E4F0458096ED3873 /* CDVInAppBrowser.m in Sources */,
				81980E0B8B474D539E02A366 /* CDVConnection.m in Sources */,
				8A66302A7C2541F4869C3AE1 /* CDVReachability.m in Sources */,
				CE3C35B5444A401FA5758392 /* CDVStatusBar.m in Sources */,
				5FF73157FE2E4ADEBEEECB79 /* NSString+SSURLEncoding.m in Sources */,
				FB9DE5A3EB4A458B96BCDCAF /* SocialSharing.m in Sources */,
			);
			runOnlyForDeploymentPostprocessing = 0;
		};
/* End PBXSourcesBuildPhase section */

/* Begin PBXTargetDependency section */
		301BF551109A68C00062928A /* PBXTargetDependency */ = {
			isa = PBXTargetDependency;
			name = CordovaLib;
			targetProxy = 301BF550109A68C00062928A /* PBXContainerItemProxy */;
		};
/* End PBXTargetDependency section */

/* Begin XCBuildConfiguration section */
		1D6058940D05DD3E006BFB54 /* Debug */ = {
			isa = XCBuildConfiguration;
			baseConfigurationReference = 3047A50F1AB8059700498E2A /* build-debug.xcconfig */;
			buildSettings = {
				ALWAYS_SEARCH_USER_PATHS = NO;
				ASSETCATALOG_COMPILER_APPICON_NAME = AppIcon;
				ASSETCATALOG_COMPILER_LAUNCHIMAGE_NAME = LaunchImage;
				CLANG_ENABLE_MODULES = YES;
				CLANG_ENABLE_OBJC_ARC = YES;
				COPY_PHASE_STRIP = NO;
				GCC_DYNAMIC_NO_PIC = NO;
				GCC_OPTIMIZATION_LEVEL = 0;
				GCC_PRECOMPILE_PREFIX_HEADER = YES;
				GCC_PREFIX_HEADER = "Sola Mobili/Sola Mobili-Prefix.pch";
				GCC_THUMB_SUPPORT = NO;
				GCC_VERSION = "";
				INFOPLIST_FILE = "Sola Mobili/Sola Mobili-Info.plist";
				IPHONEOS_DEPLOYMENT_TARGET = 8.0;
				LD_RUNPATH_SEARCH_PATHS = "@executable_path/Frameworks";
				TARGETED_DEVICE_FAMILY = "1,2";
				PRODUCT_NAME = "Sola Mobili";
				LIBRARY_SEARCH_PATHS = (
					"$(inherited)",
					"\"$(SRCROOT)/Sola Mobili/Plugins/phonegap-plugin-push/GCM/Libraries\"",
					"\"$(SRCROOT)/Sola Mobili/Plugins/phonegap-plugin-push/GCM/Libraries\"",
					"\"$(SRCROOT)/Sola Mobili/Plugins/phonegap-plugin-push/GCM/Libraries\"",
					"\"$(SRCROOT)/Sola Mobili/Plugins/phonegap-plugin-push/GCM/Libraries\"",
					"\"$(SRCROOT)/Sola Mobili/Plugins/phonegap-plugin-push/GCM/Libraries\"",
					"\"$(SRCROOT)/Sola Mobili/Plugins/phonegap-plugin-push/GCM/Libraries\"",
					"\"$(SRCROOT)/Sola Mobili/Plugins/phonegap-plugin-push/GCM/Libraries\"",
					"\"$(SRCROOT)/Sola Mobili/Plugins/phonegap-plugin-push/GCM/Libraries\"",
					"\"$(SRCROOT)/Sola Mobili/Plugins/phonegap-plugin-push/GCM/Libraries\"",
					"\"$(SRCROOT)/Sola Mobili/Plugins/phonegap-plugin-push/GCM/Libraries\"",
					"\"$(SRCROOT)/Sola Mobili/Plugins/phonegap-plugin-push/GCM/Libraries\"",
					"\"$(SRCROOT)/Sola Mobili/Plugins/phonegap-plugin-push/GCM/Libraries\"",
					"\"$(SRCROOT)/Sola Mobili/Plugins/phonegap-plugin-push/GCM/Libraries\"",
					"\"$(SRCROOT)/Sola Mobili/Plugins/phonegap-plugin-push/GCM/Libraries\"",
					"\"$(SRCROOT)/Sola Mobili/Plugins/phonegap-plugin-push/GCM/Libraries\"",
					"\"$(SRCROOT)/Sola Mobili/Plugins/phonegap-plugin-push/GCM/Libraries\"",
					"\"$(SRCROOT)/Sola Mobili/Plugins/phonegap-plugin-push/GCM/Libraries\"",
					"\"$(SRCROOT)/Sola Mobili/Plugins/phonegap-plugin-push/GCM/Libraries\"",
					"\"$(SRCROOT)/Sola Mobili/Plugins/phonegap-plugin-push/GCM/Libraries\"",
					"\"$(SRCROOT)/Sola Mobili/Plugins/phonegap-plugin-push/GCM/Libraries\"",
					"\"$(SRCROOT)/Sola Mobili/Plugins/phonegap-plugin-push/GCM/Libraries\"",
					"\"$(SRCROOT)/Sola Mobili/Plugins/phonegap-plugin-push/GCM/Libraries\"",
					"\"$(SRCROOT)/Sola Mobili/Plugins/phonegap-plugin-push/GCM/Libraries\"",
					"\"$(SRCROOT)/Sola Mobili/Plugins/phonegap-plugin-push/GCM/Libraries\"",
					"\"$(SRCROOT)/Sola Mobili/Plugins/phonegap-plugin-push/GCM/Libraries\"",
					"\"$(SRCROOT)/Sola Mobili/Plugins/phonegap-plugin-push/GCM/Libraries\"",
				);
			};
			name = Debug;
		};
		1D6058950D05DD3E006BFB54 /* Release */ = {
			isa = XCBuildConfiguration;
			baseConfigurationReference = 3047A5101AB8059700498E2A /* build-release.xcconfig */;
			buildSettings = {
				ALWAYS_SEARCH_USER_PATHS = NO;
				ASSETCATALOG_COMPILER_APPICON_NAME = AppIcon;
				ASSETCATALOG_COMPILER_LAUNCHIMAGE_NAME = LaunchImage;
				CLANG_ENABLE_MODULES = YES;
				CLANG_ENABLE_OBJC_ARC = YES;
				COPY_PHASE_STRIP = YES;
				GCC_PRECOMPILE_PREFIX_HEADER = YES;
				GCC_PREFIX_HEADER = "Sola Mobili/Sola Mobili-Prefix.pch";
				GCC_THUMB_SUPPORT = NO;
				GCC_VERSION = "";
				INFOPLIST_FILE = "Sola Mobili/Sola Mobili-Info.plist";
				IPHONEOS_DEPLOYMENT_TARGET = 8.0;
				LD_RUNPATH_SEARCH_PATHS = "@executable_path/Frameworks";
				TARGETED_DEVICE_FAMILY = "1,2";
				PRODUCT_NAME = "Sola Mobili";
				LIBRARY_SEARCH_PATHS = (
					"$(inherited)",
					"\"$(SRCROOT)/Sola Mobili/Plugins/phonegap-plugin-push/GCM/Libraries\"",
					"\"$(SRCROOT)/Sola Mobili/Plugins/phonegap-plugin-push/GCM/Libraries\"",
					"\"$(SRCROOT)/Sola Mobili/Plugins/phonegap-plugin-push/GCM/Libraries\"",
					"\"$(SRCROOT)/Sola Mobili/Plugins/phonegap-plugin-push/GCM/Libraries\"",
					"\"$(SRCROOT)/Sola Mobili/Plugins/phonegap-plugin-push/GCM/Libraries\"",
					"\"$(SRCROOT)/Sola Mobili/Plugins/phonegap-plugin-push/GCM/Libraries\"",
					"\"$(SRCROOT)/Sola Mobili/Plugins/phonegap-plugin-push/GCM/Libraries\"",
					"\"$(SRCROOT)/Sola Mobili/Plugins/phonegap-plugin-push/GCM/Libraries\"",
					"\"$(SRCROOT)/Sola Mobili/Plugins/phonegap-plugin-push/GCM/Libraries\"",
					"\"$(SRCROOT)/Sola Mobili/Plugins/phonegap-plugin-push/GCM/Libraries\"",
					"\"$(SRCROOT)/Sola Mobili/Plugins/phonegap-plugin-push/GCM/Libraries\"",
					"\"$(SRCROOT)/Sola Mobili/Plugins/phonegap-plugin-push/GCM/Libraries\"",
					"\"$(SRCROOT)/Sola Mobili/Plugins/phonegap-plugin-push/GCM/Libraries\"",
					"\"$(SRCROOT)/Sola Mobili/Plugins/phonegap-plugin-push/GCM/Libraries\"",
					"\"$(SRCROOT)/Sola Mobili/Plugins/phonegap-plugin-push/GCM/Libraries\"",
					"\"$(SRCROOT)/Sola Mobili/Plugins/phonegap-plugin-push/GCM/Libraries\"",
					"\"$(SRCROOT)/Sola Mobili/Plugins/phonegap-plugin-push/GCM/Libraries\"",
					"\"$(SRCROOT)/Sola Mobili/Plugins/phonegap-plugin-push/GCM/Libraries\"",
					"\"$(SRCROOT)/Sola Mobili/Plugins/phonegap-plugin-push/GCM/Libraries\"",
					"\"$(SRCROOT)/Sola Mobili/Plugins/phonegap-plugin-push/GCM/Libraries\"",
					"\"$(SRCROOT)/Sola Mobili/Plugins/phonegap-plugin-push/GCM/Libraries\"",
					"\"$(SRCROOT)/Sola Mobili/Plugins/phonegap-plugin-push/GCM/Libraries\"",
					"\"$(SRCROOT)/Sola Mobili/Plugins/phonegap-plugin-push/GCM/Libraries\"",
					"\"$(SRCROOT)/Sola Mobili/Plugins/phonegap-plugin-push/GCM/Libraries\"",
					"\"$(SRCROOT)/Sola Mobili/Plugins/phonegap-plugin-push/GCM/Libraries\"",
					"\"$(SRCROOT)/Sola Mobili/Plugins/phonegap-plugin-push/GCM/Libraries\"",
				);
			};
			name = Release;
		};
		C01FCF4F08A954540054247B /* Debug */ = {
			isa = XCBuildConfiguration;
			baseConfigurationReference = 3047A5111AB8059700498E2A /* build.xcconfig */;
			buildSettings = {
				CLANG_ENABLE_MODULES = YES;
				CLANG_ENABLE_OBJC_ARC = YES;
				CLANG_WARN_BOOL_CONVERSION = YES;
				CLANG_WARN_CONSTANT_CONVERSION = YES;
				CLANG_WARN_EMPTY_BODY = YES;
				CLANG_WARN_ENUM_CONVERSION = YES;
				CLANG_WARN_INT_CONVERSION = YES;
				CLANG_WARN__DUPLICATE_METHOD_MATCH = YES;
				GCC_C_LANGUAGE_STANDARD = c99;
				GCC_THUMB_SUPPORT = NO;
				GCC_VERSION = "";
				GCC_WARN_ABOUT_RETURN_TYPE = YES;
				GCC_WARN_UNDECLARED_SELECTOR = YES;
				GCC_WARN_UNINITIALIZED_AUTOS = YES;
				GCC_WARN_UNUSED_FUNCTION = YES;
				GCC_WARN_UNUSED_VARIABLE = YES;
				ONLY_ACTIVE_ARCH = YES;
				SDKROOT = iphoneos;
				SKIP_INSTALL = NO;
				TARGETED_DEVICE_FAMILY = "1,2";
				ASSETCATALOG_COMPILER_LAUNCHIMAGE_NAME = LaunchImage;
			};
			name = Debug;
		};
		C01FCF5008A954540054247B /* Release */ = {
			isa = XCBuildConfiguration;
			baseConfigurationReference = 3047A5111AB8059700498E2A /* build.xcconfig */;
			buildSettings = {
				CLANG_ENABLE_MODULES = YES;
				CLANG_ENABLE_OBJC_ARC = YES;
				CLANG_WARN_BOOL_CONVERSION = YES;
				CLANG_WARN_CONSTANT_CONVERSION = YES;
				CLANG_WARN_EMPTY_BODY = YES;
				CLANG_WARN_ENUM_CONVERSION = YES;
				CLANG_WARN_INT_CONVERSION = YES;
				CLANG_WARN__DUPLICATE_METHOD_MATCH = YES;
				GCC_C_LANGUAGE_STANDARD = c99;
				GCC_THUMB_SUPPORT = NO;
				GCC_VERSION = "";
				GCC_WARN_ABOUT_RETURN_TYPE = YES;
				GCC_WARN_UNDECLARED_SELECTOR = YES;
				GCC_WARN_UNINITIALIZED_AUTOS = YES;
				GCC_WARN_UNUSED_FUNCTION = YES;
				GCC_WARN_UNUSED_VARIABLE = YES;
				SDKROOT = iphoneos;
				SKIP_INSTALL = NO;
				TARGETED_DEVICE_FAMILY = "1,2";
				ASSETCATALOG_COMPILER_LAUNCHIMAGE_NAME = LaunchImage;
			};
			name = Release;
		};
/* End XCBuildConfiguration section */

/* Begin XCConfigurationList section */
		1D6058960D05DD3E006BFB54 /* Build configuration list for PBXNativeTarget "Sola Mobili" */ = {
			isa = XCConfigurationList;
			buildConfigurations = (
				1D6058940D05DD3E006BFB54 /* Debug */,
				1D6058950D05DD3E006BFB54 /* Release */,
			);
			defaultConfigurationIsVisible = 0;
			defaultConfigurationName = Release;
		};
		C01FCF4E08A954540054247B /* Build configuration list for PBXProject "__NON-CLI__" */ = {
			isa = XCConfigurationList;
			buildConfigurations = (
				C01FCF4F08A954540054247B /* Debug */,
				C01FCF5008A954540054247B /* Release */,
			);
			defaultConfigurationIsVisible = 0;
			defaultConfigurationName = Release;
		};
/* End XCConfigurationList section */
	};
	rootObject = 29B97313FDCFA39411CA2CEA /* Project object */;
}
